
Microsoft Visual Studio Solution File, Format Version 12.00
# Visual Studio Version 16
VisualStudioVersion = 16.0.30621.155
MinimumVisualStudioVersion = 10.0.40219.1
Project("{8BC9CEB8-8B4A-11D0-8D11-00A0C91BC942}") = "lab4term2", "lab4term2\lab4term2.vcxproj", "{41BE2837-1448-488E-A1D6-1C28DF4E78D1}"
EndProject
Global
	GlobalSection(SolutionConfigurationPlatforms) = preSolution
		Debug|x64 = Debug|x64
		Debug|x86 = Debug|x86
		Release|x64 = Release|x64
		Release|x86 = Release|x86
	EndGlobalSection
	GlobalSection(ProjectConfigurationPlatforms) = postSolution
		{41BE2837-1448-488E-A1D6-1C28DF4E78D1}.Debug|x64.ActiveCfg = Debug|x64
		{41BE2837-1448-488E-A1D6-1C28DF4E78D1}.Debug|x64.Build.0 = Debug|x64
		{41BE2837-1448-488E-A1D6-1C28DF4E78D1}.Debug|x86.ActiveCfg = Debug|Win32
		{41BE2837-1448-488E-A1D6-1C28DF4E78D1}.Debug|x86.Build.0 = Debug|Win32
		{41BE2837-1448-488E-A1D6-1C28DF4E78D1}.Release|x64.ActiveCfg = Release|x64
		{41BE2837-1448-488E-A1D6-1C28DF4E78D1}.Release|x64.Build.0 = Release|x64
		{41BE2837-1448-488E-A1D6-1C28DF4E78D1}.Release|x86.ActiveCfg = Release|Win32
		{41BE2837-1448-488E-A1D6-1C28DF4E78D1}.Release|x86.Build.0 = Release|Win32
	EndGlobalSection
	GlobalSection(SolutionProperties) = preSolution
		HideSolutionNode = FALSE
	EndGlobalSection
	GlobalSection(ExtensibilityGlobals) = postSolution
		SolutionGuid = {58444FBF-9BCE-41AD-976F-E94537D119CD}
	EndGlobalSection
EndGlobal
